
Microsoft Visual Studio Solution File, Format Version 12.00
# Visual Studio Version 16
VisualStudioVersion = 16.0.29102.190
MinimumVisualStudioVersion = 10.0.40219.1
Project("{FAE04EC0-301F-11D3-BF4B-00C04F79EFBC}") = "HW3_PART2", "HW3_PART2\HW3_PART2.csproj", "{CA51F44D-075F-4BC8-AB36-0E789F9AF44A}"
EndProject
Global
	GlobalSection(SolutionConfigurationPlatforms) = preSolution
		Debug|Any CPU = Debug|Any CPU
		Release|Any CPU = Release|Any CPU
	EndGlobalSection
	GlobalSection(ProjectConfigurationPlatforms) = postSolution
		{CA51F44D-075F-4BC8-AB36-0E789F9AF44A}.Debug|Any CPU.ActiveCfg = Debug|Any CPU
		{CA51F44D-075F-4BC8-AB36-0E789F9AF44A}.Debug|Any CPU.Build.0 = Debug|Any CPU
		{CA51F44D-075F-4BC8-AB36-0E789F9AF44A}.Release|Any CPU.ActiveCfg = Release|Any CPU
		{CA51F44D-075F-4BC8-AB36-0E789F9AF44A}.Release|Any CPU.Build.0 = Release|Any CPU
	EndGlobalSection
	GlobalSection(SolutionProperties) = preSolution
		HideSolutionNode = FALSE
	EndGlobalSection
	GlobalSection(ExtensibilityGlobals) = postSolution
		SolutionGuid = {A71B0D43-DBBC-424E-B213-1CF0C0B983B9}
	EndGlobalSection
EndGlobal
