
Microsoft Visual Studio Solution File, Format Version 12.00
# Visual Studio Version 16
VisualStudioVersion = 16.0.29306.81
MinimumVisualStudioVersion = 10.0.40219.1
Project("{FAE04EC0-301F-11D3-BF4B-00C04F79EFBC}") = "Golf_HW3", "Golf_HW3\Golf_HW3.csproj", "{354A0C93-B139-4860-9815-F108BD8E1B9E}"
EndProject
Global
	GlobalSection(SolutionConfigurationPlatforms) = preSolution
		Debug|Any CPU = Debug|Any CPU
		Release|Any CPU = Release|Any CPU
	EndGlobalSection
	GlobalSection(ProjectConfigurationPlatforms) = postSolution
		{354A0C93-B139-4860-9815-F108BD8E1B9E}.Debug|Any CPU.ActiveCfg = Debug|Any CPU
		{354A0C93-B139-4860-9815-F108BD8E1B9E}.Debug|Any CPU.Build.0 = Debug|Any CPU
		{354A0C93-B139-4860-9815-F108BD8E1B9E}.Release|Any CPU.ActiveCfg = Release|Any CPU
		{354A0C93-B139-4860-9815-F108BD8E1B9E}.Release|Any CPU.Build.0 = Release|Any CPU
	EndGlobalSection
	GlobalSection(SolutionProperties) = preSolution
		HideSolutionNode = FALSE
	EndGlobalSection
	GlobalSection(ExtensibilityGlobals) = postSolution
		SolutionGuid = {88D0E5AA-45B4-45C4-B789-1B90786C6EAB}
	EndGlobalSection
EndGlobal
